{
  "name": "@tomhuel/typescript-setup",
  "version": "0.0.3",
  "lockfileVersion": 3,
  "requires": true,
  "packages": {
    "": {
      "name": "@tomhuel/typescript-setup",
      "version": "0.0.3",
      "license": "MIT",
      "bin": {
        "typescript-setup": "src/index.mjs"
      }
    }
  }
}
